
Microsoft Visual Studio Solution File, Format Version 12.00
# Visual Studio Version 17
VisualStudioVersion = 17.0.31912.275
MinimumVisualStudioVersion = 10.0.40219.1
Project("{8BC9CEB8-8B4A-11D0-8D11-00A0C91BC942}") = "Collinear_Points", "Collinear_Points\Collinear_Points.vcxproj", "{19783AEE-06B1-46D9-A5AA-A802DB0CF21C}"
EndProject
Global
	GlobalSection(SolutionConfigurationPlatforms) = preSolution
		Debug|x64 = Debug|x64
		Debug|x86 = Debug|x86
		Release|x64 = Release|x64
		Release|x86 = Release|x86
	EndGlobalSection
	GlobalSection(ProjectConfigurationPlatforms) = postSolution
		{19783AEE-06B1-46D9-A5AA-A802DB0CF21C}.Debug|x64.ActiveCfg = Debug|x64
		{19783AEE-06B1-46D9-A5AA-A802DB0CF21C}.Debug|x64.Build.0 = Debug|x64
		{19783AEE-06B1-46D9-A5AA-A802DB0CF21C}.Debug|x86.ActiveCfg = Debug|Win32
		{19783AEE-06B1-46D9-A5AA-A802DB0CF21C}.Debug|x86.Build.0 = Debug|Win32
		{19783AEE-06B1-46D9-A5AA-A802DB0CF21C}.Release|x64.ActiveCfg = Release|x64
		{19783AEE-06B1-46D9-A5AA-A802DB0CF21C}.Release|x64.Build.0 = Release|x64
		{19783AEE-06B1-46D9-A5AA-A802DB0CF21C}.Release|x86.ActiveCfg = Release|Win32
		{19783AEE-06B1-46D9-A5AA-A802DB0CF21C}.Release|x86.Build.0 = Release|Win32
	EndGlobalSection
	GlobalSection(SolutionProperties) = preSolution
		HideSolutionNode = FALSE
	EndGlobalSection
	GlobalSection(ExtensibilityGlobals) = postSolution
		SolutionGuid = {05B34F08-D0D2-4ED2-96E4-AD0EC871B784}
	EndGlobalSection
EndGlobal
